// !$*UTF8*$!
{
	archiveVersion = 1;
	classes = {
	};
	objectVersion = 46;
	objects = {

/* Begin PBXBuildFile section */
		730CF8331551B9B400C40440 /* Cocoa.framework in Frameworks */ = {isa = PBXBuildFile; fileRef = 73FC134E1545507600956087 /* Cocoa.framework */; };
		730CF83F1551B9B500C40440 /* QSAddressBookPluginTests.h in Resources */ = {isa = PBXBuildFile; fileRef = 730CF83E1551B9B500C40440 /* QSAddressBookPluginTests.h */; };
		730CF8411551B9B500C40440 /* QSAddressBookPluginTests.m in Sources */ = {isa = PBXBuildFile; fileRef = 730CF8401551B9B500C40440 /* QSAddressBookPluginTests.m */; };
		730CF84A1551BA1200C40440 /* AddressBook.framework in Frameworks */ = {isa = PBXBuildFile; fileRef = 730CF8491551BA1200C40440 /* AddressBook.framework */; };
		730CF84C1551BA1800C40440 /* SenTestingKit.framework in Frameworks */ = {isa = PBXBuildFile; fileRef = 730CF84B1551BA1800C40440 /* SenTestingKit.framework */; };
		730CF84E1551BA6000C40440 /* QSCore.framework in Frameworks */ = {isa = PBXBuildFile; fileRef = 730CF84D1551BA6000C40440 /* QSCore.framework */; };
		730CF84F1551BA8700C40440 /* ABPerson_Display.m in Sources */ = {isa = PBXBuildFile; fileRef = 738075BF1545E10B00D22E1E /* ABPerson_Display.m */; };
		730CF8501551BA8700C40440 /* QSABMimicActionProvider.m in Sources */ = {isa = PBXBuildFile; fileRef = 738075C21545E10B00D22E1E /* QSABMimicActionProvider.m */; };
		730CF8511551BA8700C40440 /* QSABSource.m in Sources */ = {isa = PBXBuildFile; fileRef = 738075C41545E10B00D22E1E /* QSABSource.m */; };
		730CF8521551BA8700C40440 /* QSObject_ContactHandling.m in Sources */ = {isa = PBXBuildFile; fileRef = 738075C61545E10B00D22E1E /* QSObject_ContactHandling.m */; };
		738075C71545E10B00D22E1E /* ABPerson_Display.m in Sources */ = {isa = PBXBuildFile; fileRef = 738075BF1545E10B00D22E1E /* ABPerson_Display.m */; };
		738075C81545E10B00D22E1E /* QSABMimicActionProvider.m in Sources */ = {isa = PBXBuildFile; fileRef = 738075C21545E10B00D22E1E /* QSABMimicActionProvider.m */; };
		738075C91545E10B00D22E1E /* QSABSource.m in Sources */ = {isa = PBXBuildFile; fileRef = 738075C41545E10B00D22E1E /* QSABSource.m */; };
		738075CA1545E10B00D22E1E /* QSObject_ContactHandling.m in Sources */ = {isa = PBXBuildFile; fileRef = 738075C61545E10B00D22E1E /* QSObject_ContactHandling.m */; };
		73FC134F1545507600956087 /* Cocoa.framework in Frameworks */ = {isa = PBXBuildFile; fileRef = 73FC134E1545507600956087 /* Cocoa.framework */; };
/* End PBXBuildFile section */

/* Begin PBXContainerItemProxy section */
		730CF8471551BA0100C40440 /* PBXContainerItemProxy */ = {
			isa = PBXContainerItemProxy;
			containerPortal = 73FC13411545507500956087 /* Project object */;
			proxyType = 1;
			remoteGlobalIDString = 73FC134A1545507500956087;
			remoteInfo = QSAddressBookPlugin;
		};
/* End PBXContainerItemProxy section */

/* Begin PBXFileReference section */
		730CF8301551B9B400C40440 /* QSAddressBookPluginTests.octest */ = {isa = PBXFileReference; explicitFileType = wrapper.cfbundle; includeInIndex = 0; path = QSAddressBookPluginTests.octest; sourceTree = BUILT_PRODUCTS_DIR; };
		730CF83A1551B9B500C40440 /* QSAddressBookPluginTests-Info.plist */ = {isa = PBXFileReference; lastKnownFileType = text.plist.xml; path = "QSAddressBookPluginTests-Info.plist"; sourceTree = "<group>"; };
		730CF83E1551B9B500C40440 /* QSAddressBookPluginTests.h */ = {isa = PBXFileReference; lastKnownFileType = sourcecode.c.h; path = QSAddressBookPluginTests.h; sourceTree = "<group>"; };
		730CF8401551B9B500C40440 /* QSAddressBookPluginTests.m */ = {isa = PBXFileReference; lastKnownFileType = sourcecode.c.objc; path = QSAddressBookPluginTests.m; sourceTree = "<group>"; };
		730CF8491551BA1200C40440 /* AddressBook.framework */ = {isa = PBXFileReference; lastKnownFileType = wrapper.framework; name = AddressBook.framework; path = System/Library/Frameworks/AddressBook.framework; sourceTree = SDKROOT; };
		730CF84B1551BA1800C40440 /* SenTestingKit.framework */ = {isa = PBXFileReference; lastKnownFileType = wrapper.framework; name = SenTestingKit.framework; path = Library/Frameworks/SenTestingKit.framework; sourceTree = DEVELOPER_DIR; };
		730CF84D1551BA6000C40440 /* QSCore.framework */ = {isa = PBXFileReference; lastKnownFileType = wrapper.framework; path = QSCore.framework; sourceTree = BUILT_PRODUCTS_DIR; };
		738075BE1545E10B00D22E1E /* ABPerson_Display.h */ = {isa = PBXFileReference; fileEncoding = 4; lastKnownFileType = sourcecode.c.h; path = ABPerson_Display.h; sourceTree = SOURCE_ROOT; };
		738075BF1545E10B00D22E1E /* ABPerson_Display.m */ = {isa = PBXFileReference; fileEncoding = 4; lastKnownFileType = sourcecode.c.objc; path = ABPerson_Display.m; sourceTree = SOURCE_ROOT; };
		738075C01545E10B00D22E1E /* ABTelephony.h */ = {isa = PBXFileReference; fileEncoding = 4; lastKnownFileType = sourcecode.c.h; path = ABTelephony.h; sourceTree = SOURCE_ROOT; };
		738075C11545E10B00D22E1E /* QSABMimicActionProvider.h */ = {isa = PBXFileReference; fileEncoding = 4; lastKnownFileType = sourcecode.c.h; path = QSABMimicActionProvider.h; sourceTree = SOURCE_ROOT; };
		738075C21545E10B00D22E1E /* QSABMimicActionProvider.m */ = {isa = PBXFileReference; fileEncoding = 4; lastKnownFileType = sourcecode.c.objc; path = QSABMimicActionProvider.m; sourceTree = SOURCE_ROOT; };
		738075C31545E10B00D22E1E /* QSABSource.h */ = {isa = PBXFileReference; fileEncoding = 4; lastKnownFileType = sourcecode.c.h; path = QSABSource.h; sourceTree = SOURCE_ROOT; };
		738075C41545E10B00D22E1E /* QSABSource.m */ = {isa = PBXFileReference; fileEncoding = 4; lastKnownFileType = sourcecode.c.objc; path = QSABSource.m; sourceTree = SOURCE_ROOT; };
		738075C51545E10B00D22E1E /* QSObject_ContactHandling.h */ = {isa = PBXFileReference; fileEncoding = 4; lastKnownFileType = sourcecode.c.h; path = QSObject_ContactHandling.h; sourceTree = SOURCE_ROOT; };
		738075C61545E10B00D22E1E /* QSObject_ContactHandling.m */ = {isa = PBXFileReference; fileEncoding = 4; lastKnownFileType = sourcecode.c.objc; path = QSObject_ContactHandling.m; sourceTree = SOURCE_ROOT; };
		73FC134B1545507500956087 /* QSAddressBookPlugin.qsplugin */ = {isa = PBXFileReference; explicitFileType = wrapper.cfbundle; includeInIndex = 0; path = QSAddressBookPlugin.qsplugin; sourceTree = BUILT_PRODUCTS_DIR; };
		73FC134E1545507600956087 /* Cocoa.framework */ = {isa = PBXFileReference; lastKnownFileType = wrapper.framework; name = Cocoa.framework; path = System/Library/Frameworks/Cocoa.framework; sourceTree = SDKROOT; };
		73FC13521545507600956087 /* Info.plist */ = {isa = PBXFileReference; lastKnownFileType = text.plist.xml; path = Info.plist; sourceTree = SOURCE_ROOT; };
		73FC13571545507600956087 /* Common.xcconfig */ = {isa = PBXFileReference; lastKnownFileType = text.xcconfig; path = Common.xcconfig; sourceTree = "<group>"; };
		73FC13581545507600956087 /* Debug.xcconfig */ = {isa = PBXFileReference; lastKnownFileType = text.xcconfig; path = Debug.xcconfig; sourceTree = "<group>"; };
		73FC13591545507600956087 /* Developer.xcconfig */ = {isa = PBXFileReference; lastKnownFileType = text.xcconfig; path = Developer.xcconfig; sourceTree = "<group>"; };
		73FC135A1545507600956087 /* QSPlugIn.xcconfig */ = {isa = PBXFileReference; lastKnownFileType = text.xcconfig; path = QSPlugIn.xcconfig; sourceTree = "<group>"; };
		73FC135B1545507600956087 /* QSPlugIn_Debug.xcconfig */ = {isa = PBXFileReference; lastKnownFileType = text.xcconfig; path = QSPlugIn_Debug.xcconfig; sourceTree = "<group>"; };
		73FC135C1545507600956087 /* QSPlugIn_Release.xcconfig */ = {isa = PBXFileReference; lastKnownFileType = text.xcconfig; path = QSPlugIn_Release.xcconfig; sourceTree = "<group>"; };
		73FC135D1545507600956087 /* Quicksilver.pch */ = {isa = PBXFileReference; lastKnownFileType = sourcecode.c.h; path = Quicksilver.pch; sourceTree = "<group>"; };
		73FC135E1545507600956087 /* Release.xcconfig */ = {isa = PBXFileReference; lastKnownFileType = text.xcconfig; path = Release.xcconfig; sourceTree = "<group>"; };
/* End PBXFileReference section */

/* Begin PBXFrameworksBuildPhase section */
		730CF82C1551B9B400C40440 /* Frameworks */ = {
			isa = PBXFrameworksBuildPhase;
			buildActionMask = 2147483647;
			files = (
				730CF84E1551BA6000C40440 /* QSCore.framework in Frameworks */,
				730CF84C1551BA1800C40440 /* SenTestingKit.framework in Frameworks */,
				730CF84A1551BA1200C40440 /* AddressBook.framework in Frameworks */,
				730CF8331551B9B400C40440 /* Cocoa.framework in Frameworks */,
			);
			runOnlyForDeploymentPostprocessing = 0;
		};
		73FC13471545507500956087 /* Frameworks */ = {
			isa = PBXFrameworksBuildPhase;
			buildActionMask = 2147483647;
			files = (
				73FC134F1545507600956087 /* Cocoa.framework in Frameworks */,
			);
			runOnlyForDeploymentPostprocessing = 0;
		};
/* End PBXFrameworksBuildPhase section */

/* Begin PBXGroup section */
		730CF8381551B9B500C40440 /* QSAddressBookPluginTests */ = {
			isa = PBXGroup;
			children = (
				730CF83E1551B9B500C40440 /* QSAddressBookPluginTests.h */,
				730CF8401551B9B500C40440 /* QSAddressBookPluginTests.m */,
				730CF8391551B9B500C40440 /* Supporting Files */,
			);
			path = QSAddressBookPluginTests;
			sourceTree = "<group>";
		};
		730CF8391551B9B500C40440 /* Supporting Files */ = {
			isa = PBXGroup;
			children = (
				730CF83A1551B9B500C40440 /* QSAddressBookPluginTests-Info.plist */,
			);
			name = "Supporting Files";
			sourceTree = "<group>";
		};
		730CF8531551C07D00C40440 /* Tests */ = {
			isa = PBXGroup;
			children = (
				730CF84D1551BA6000C40440 /* QSCore.framework */,
				730CF84B1551BA1800C40440 /* SenTestingKit.framework */,
				730CF8491551BA1200C40440 /* AddressBook.framework */,
			);
			name = Tests;
			sourceTree = "<group>";
		};
		73FC133F1545507500956087 = {
			isa = PBXGroup;
			children = (
				73FC13501545507600956087 /* QSAddressBookPlugin */,
				730CF8381551B9B500C40440 /* QSAddressBookPluginTests */,
				73FC13561545507600956087 /* Configuration */,
				73FC134D1545507500956087 /* Frameworks */,
				73FC134C1545507500956087 /* Products */,
			);
			sourceTree = "<group>";
		};
		73FC134C1545507500956087 /* Products */ = {
			isa = PBXGroup;
			children = (
				73FC134B1545507500956087 /* QSAddressBookPlugin.qsplugin */,
				730CF8301551B9B400C40440 /* QSAddressBookPluginTests.octest */,
			);
			name = Products;
			sourceTree = "<group>";
		};
		73FC134D1545507500956087 /* Frameworks */ = {
			isa = PBXGroup;
			children = (
				73FC134E1545507600956087 /* Cocoa.framework */,
				730CF8531551C07D00C40440 /* Tests */,
			);
			name = Frameworks;
			sourceTree = "<group>";
		};
		73FC13501545507600956087 /* QSAddressBookPlugin */ = {
			isa = PBXGroup;
			children = (
				738075BE1545E10B00D22E1E /* ABPerson_Display.h */,
				738075BF1545E10B00D22E1E /* ABPerson_Display.m */,
				738075C01545E10B00D22E1E /* ABTelephony.h */,
				738075C11545E10B00D22E1E /* QSABMimicActionProvider.h */,
				738075C21545E10B00D22E1E /* QSABMimicActionProvider.m */,
				738075C31545E10B00D22E1E /* QSABSource.h */,
				738075C41545E10B00D22E1E /* QSABSource.m */,
				738075C51545E10B00D22E1E /* QSObject_ContactHandling.h */,
				738075C61545E10B00D22E1E /* QSObject_ContactHandling.m */,
				73FC13511545507600956087 /* Supporting Files */,
			);
			path = QSAddressBookPlugin;
			sourceTree = "<group>";
		};
		73FC13511545507600956087 /* Supporting Files */ = {
			isa = PBXGroup;
			children = (
				73FC13521545507600956087 /* Info.plist */,
			);
			name = "Supporting Files";
			sourceTree = "<group>";
		};
		73FC13561545507600956087 /* Configuration */ = {
			isa = PBXGroup;
			children = (
				73FC13571545507600956087 /* Common.xcconfig */,
				73FC13581545507600956087 /* Debug.xcconfig */,
				73FC13591545507600956087 /* Developer.xcconfig */,
				73FC135A1545507600956087 /* QSPlugIn.xcconfig */,
				73FC135B1545507600956087 /* QSPlugIn_Debug.xcconfig */,
				73FC135C1545507600956087 /* QSPlugIn_Release.xcconfig */,
				73FC135D1545507600956087 /* Quicksilver.pch */,
				73FC135E1545507600956087 /* Release.xcconfig */,
			);
			name = Configuration;
			path = /tmp/QS/Configuration;
			sourceTree = "<absolute>";
		};
/* End PBXGroup section */

/* Begin PBXNativeTarget section */
		730CF82F1551B9B400C40440 /* QSAddressBookPluginTests */ = {
			isa = PBXNativeTarget;
			buildConfigurationList = 730CF8451551B9B500C40440 /* Build configuration list for PBXNativeTarget "QSAddressBookPluginTests" */;
			buildPhases = (
				730CF82B1551B9B400C40440 /* Sources */,
				730CF82C1551B9B400C40440 /* Frameworks */,
				730CF82D1551B9B400C40440 /* Resources */,
				730CF82E1551B9B400C40440 /* ShellScript */,
			);
			buildRules = (
			);
			dependencies = (
				730CF8481551BA0100C40440 /* PBXTargetDependency */,
			);
			name = QSAddressBookPluginTests;
			productName = QSAddressBookPluginTests;
			productReference = 730CF8301551B9B400C40440 /* QSAddressBookPluginTests.octest */;
			productType = "com.apple.product-type.bundle";
		};
		73FC134A1545507500956087 /* QSAddressBookPlugin */ = {
			isa = PBXNativeTarget;
			buildConfigurationList = 73FC136C1545507600956087 /* Build configuration list for PBXNativeTarget "QSAddressBookPlugin" */;
			buildPhases = (
				73FC13461545507500956087 /* Sources */,
				73FC13471545507500956087 /* Frameworks */,
				73FC13481545507500956087 /* Resources */,
				73FC13491545507500956087 /* ShellScript */,
			);
			buildRules = (
			);
			dependencies = (
			);
			name = QSAddressBookPlugin;
			productName = QSAddressBookPlugin;
			productReference = 73FC134B1545507500956087 /* QSAddressBookPlugin.qsplugin */;
			productType = "com.apple.product-type.bundle";
		};
/* End PBXNativeTarget section */

/* Begin PBXProject section */
		73FC13411545507500956087 /* Project object */ = {
			isa = PBXProject;
			buildConfigurationList = 73FC13441545507500956087 /* Build configuration list for PBXProject "QSAddressBookPlugin" */;
			compatibilityVersion = "Xcode 3.2";
			developmentRegion = English;
			hasScannedForEncodings = 0;
			knownRegions = (
				en,
			);
			mainGroup = 73FC133F1545507500956087;
			productRefGroup = 73FC134C1545507500956087 /* Products */;
			projectDirPath = "";
			projectRoot = "";
			targets = (
				73FC134A1545507500956087 /* QSAddressBookPlugin */,
				730CF82F1551B9B400C40440 /* QSAddressBookPluginTests */,
			);
		};
/* End PBXProject section */

/* Begin PBXResourcesBuildPhase section */
		730CF82D1551B9B400C40440 /* Resources */ = {
			isa = PBXResourcesBuildPhase;
			buildActionMask = 2147483647;
			files = (
				730CF83F1551B9B500C40440 /* QSAddressBookPluginTests.h in Resources */,
			);
			runOnlyForDeploymentPostprocessing = 0;
		};
		73FC13481545507500956087 /* Resources */ = {
			isa = PBXResourcesBuildPhase;
			buildActionMask = 2147483647;
			files = (
			);
			runOnlyForDeploymentPostprocessing = 0;
		};
/* End PBXResourcesBuildPhase section */

/* Begin PBXShellScriptBuildPhase section */
		730CF82E1551B9B400C40440 /* ShellScript */ = {
			isa = PBXShellScriptBuildPhase;
			buildActionMask = 2147483647;
			files = (
			);
			inputPaths = (
			);
			outputPaths = (
			);
			runOnlyForDeploymentPostprocessing = 0;
			shellPath = /bin/sh;
			shellScript = "# Run the unit tests in this test bundle.\n\"${SYSTEM_DEVELOPER_DIR}/Tools/RunUnitTests\"\n";
		};
		73FC13491545507500956087 /* ShellScript */ = {
			isa = PBXShellScriptBuildPhase;
			buildActionMask = 2147483647;
			files = (
			);
			inputPaths = (
			);
			outputPaths = (
			);
			runOnlyForDeploymentPostprocessing = 1;
			shellPath = /bin/sh;
			shellScript = "\"$SRCROOT/bltrversion\" \"$INFOPLIST_FILE\"";
		};
/* End PBXShellScriptBuildPhase section */

/* Begin PBXSourcesBuildPhase section */
		730CF82B1551B9B400C40440 /* Sources */ = {
			isa = PBXSourcesBuildPhase;
			buildActionMask = 2147483647;
			files = (
				730CF84F1551BA8700C40440 /* ABPerson_Display.m in Sources */,
				730CF8501551BA8700C40440 /* QSABMimicActionProvider.m in Sources */,
				730CF8511551BA8700C40440 /* QSABSource.m in Sources */,
				730CF8521551BA8700C40440 /* QSObject_ContactHandling.m in Sources */,
				730CF8411551B9B500C40440 /* QSAddressBookPluginTests.m in Sources */,
			);
			runOnlyForDeploymentPostprocessing = 0;
		};
		73FC13461545507500956087 /* Sources */ = {
			isa = PBXSourcesBuildPhase;
			buildActionMask = 2147483647;
			files = (
				738075C71545E10B00D22E1E /* ABPerson_Display.m in Sources */,
				738075C81545E10B00D22E1E /* QSABMimicActionProvider.m in Sources */,
				738075C91545E10B00D22E1E /* QSABSource.m in Sources */,
				738075CA1545E10B00D22E1E /* QSObject_ContactHandling.m in Sources */,
			);
			runOnlyForDeploymentPostprocessing = 0;
		};
/* End PBXSourcesBuildPhase section */

/* Begin PBXTargetDependency section */
		730CF8481551BA0100C40440 /* PBXTargetDependency */ = {
			isa = PBXTargetDependency;
			target = 73FC134A1545507500956087 /* QSAddressBookPlugin */;
			targetProxy = 730CF8471551BA0100C40440 /* PBXContainerItemProxy */;
		};
/* End PBXTargetDependency section */

/* Begin XCBuildConfiguration section */
		730CF8431551B9B500C40440 /* Debug */ = {
			isa = XCBuildConfiguration;
			buildSettings = {
				ALWAYS_SEARCH_USER_PATHS = NO;
				ARCHS = "$(ARCHS_STANDARD_32_BIT)";
				COPY_PHASE_STRIP = NO;
				FRAMEWORK_SEARCH_PATHS = "$(DEVELOPER_LIBRARY_DIR)/Frameworks";
				GCC_C_LANGUAGE_STANDARD = gnu99;
				GCC_DYNAMIC_NO_PIC = NO;
				GCC_ENABLE_OBJC_EXCEPTIONS = YES;
				GCC_OPTIMIZATION_LEVEL = 0;
				GCC_PRECOMPILE_PREFIX_HEADER = YES;
				GCC_PREFIX_HEADER = "$(QS_BUILD_ROOT)/Configuration/Quicksilver.pch";
				GCC_PREPROCESSOR_DEFINITIONS = (
					"DEBUG=1",
					"$(inherited)",
				);
				GCC_SYMBOLS_PRIVATE_EXTERN = NO;
				GCC_VERSION = com.apple.compilers.llvm.clang.1_0;
				GCC_WARN_64_TO_32_BIT_CONVERSION = YES;
				GCC_WARN_ABOUT_MISSING_PROTOTYPES = YES;
				GCC_WARN_ABOUT_RETURN_TYPE = YES;
				GCC_WARN_UNUSED_VARIABLE = YES;
				HEADER_SEARCH_PATHS = "$(SRCROOT)";
				INFOPLIST_FILE = "QSAddressBookPluginTests/QSAddressBookPluginTests-Info.plist";
				MACOSX_DEPLOYMENT_TARGET = 10.7;
				ONLY_ACTIVE_ARCH = YES;
				PRODUCT_NAME = "$(TARGET_NAME)";
				SDKROOT = macosx;
				WRAPPER_EXTENSION = octest;
			};
			name = Debug;
		};
		730CF8441551B9B500C40440 /* Release */ = {
			isa = XCBuildConfiguration;
			buildSettings = {
				ALWAYS_SEARCH_USER_PATHS = NO;
				ARCHS = "$(ARCHS_STANDARD_32_BIT)";
				COPY_PHASE_STRIP = YES;
				DEBUG_INFORMATION_FORMAT = "dwarf-with-dsym";
				FRAMEWORK_SEARCH_PATHS = "$(DEVELOPER_LIBRARY_DIR)/Frameworks";
				GCC_C_LANGUAGE_STANDARD = gnu99;
				GCC_ENABLE_OBJC_EXCEPTIONS = YES;
				GCC_PRECOMPILE_PREFIX_HEADER = YES;
				GCC_PREFIX_HEADER = "$(QS_BUILD_ROOT)/Configuration/Quicksilver.pch";
				GCC_VERSION = com.apple.compilers.llvm.clang.1_0;
				GCC_WARN_64_TO_32_BIT_CONVERSION = YES;
				GCC_WARN_ABOUT_MISSING_PROTOTYPES = YES;
				GCC_WARN_ABOUT_RETURN_TYPE = YES;
				GCC_WARN_UNUSED_VARIABLE = YES;
				HEADER_SEARCH_PATHS = "$(SRCROOT)";
				INFOPLIST_FILE = "QSAddressBookPluginTests/QSAddressBookPluginTests-Info.plist";
				MACOSX_DEPLOYMENT_TARGET = 10.7;
				PRODUCT_NAME = "$(TARGET_NAME)";
				SDKROOT = macosx;
				WRAPPER_EXTENSION = octest;
			};
			name = Release;
		};
		73FC136A1545507600956087 /* Debug */ = {
			isa = XCBuildConfiguration;
			baseConfigurationReference = 73FC13581545507600956087 /* Debug.xcconfig */;
			buildSettings = {
			};
			name = Debug;
		};
		73FC136B1545507600956087 /* Release */ = {
			isa = XCBuildConfiguration;
			baseConfigurationReference = 73FC135E1545507600956087 /* Release.xcconfig */;
			buildSettings = {
			};
			name = Release;
		};
		73FC136D1545507600956087 /* Debug */ = {
			isa = XCBuildConfiguration;
			baseConfigurationReference = 73FC135A1545507600956087 /* QSPlugIn.xcconfig */;
			buildSettings = {
				PRODUCT_NAME = "$(TARGET_NAME)";
			};
			name = Debug;
		};
		73FC136E1545507600956087 /* Release */ = {
			isa = XCBuildConfiguration;
			baseConfigurationReference = 73FC135A1545507600956087 /* QSPlugIn.xcconfig */;
			buildSettings = {
				PRODUCT_NAME = "$(TARGET_NAME)";
			};
			name = Release;
		};
/* End XCBuildConfiguration section */

/* Begin XCConfigurationList section */
		730CF8451551B9B500C40440 /* Build configuration list for PBXNativeTarget "QSAddressBookPluginTests" */ = {
			isa = XCConfigurationList;
			buildConfigurations = (
				730CF8431551B9B500C40440 /* Debug */,
				730CF8441551B9B500C40440 /* Release */,
			);
			defaultConfigurationIsVisible = 0;
		};
		73FC13441545507500956087 /* Build configuration list for PBXProject "QSAddressBookPlugin" */ = {
			isa = XCConfigurationList;
			buildConfigurations = (
				73FC136A1545507600956087 /* Debug */,
				73FC136B1545507600956087 /* Release */,
			);
			defaultConfigurationIsVisible = 0;
			defaultConfigurationName = Release;
		};
		73FC136C1545507600956087 /* Build configuration list for PBXNativeTarget "QSAddressBookPlugin" */ = {
			isa = XCConfigurationList;
			buildConfigurations = (
				73FC136D1545507600956087 /* Debug */,
				73FC136E1545507600956087 /* Release */,
			);
			defaultConfigurationIsVisible = 0;
			defaultConfigurationName = Release;
		};
/* End XCConfigurationList section */
	};
	rootObject = 73FC13411545507500956087 /* Project object */;
}
